
Microsoft Visual Studio Solution File, Format Version 12.00
# Visual Studio Version 16
VisualStudioVersion = 16.0.31729.503
MinimumVisualStudioVersion = 10.0.40219.1
Project("{FAE04EC0-301F-11D3-BF4B-00C04F79EFBC}") = "83-Array10PosicionesYMuestra", "83-Array10PosicionesYMuestra.csproj", "{1E2ACAE7-6868-4C58-8102-71440EDF1948}"
EndProject
Global
	GlobalSection(SolutionConfigurationPlatforms) = preSolution
		Debug|Any CPU = Debug|Any CPU
		Release|Any CPU = Release|Any CPU
	EndGlobalSection
	GlobalSection(ProjectConfigurationPlatforms) = postSolution
		{1E2ACAE7-6868-4C58-8102-71440EDF1948}.Debug|Any CPU.ActiveCfg = Debug|Any CPU
		{1E2ACAE7-6868-4C58-8102-71440EDF1948}.Debug|Any CPU.Build.0 = Debug|Any CPU
		{1E2ACAE7-6868-4C58-8102-71440EDF1948}.Release|Any CPU.ActiveCfg = Release|Any CPU
		{1E2ACAE7-6868-4C58-8102-71440EDF1948}.Release|Any CPU.Build.0 = Release|Any CPU
	EndGlobalSection
	GlobalSection(SolutionProperties) = preSolution
		HideSolutionNode = FALSE
	EndGlobalSection
	GlobalSection(ExtensibilityGlobals) = postSolution
		SolutionGuid = {1A847DA7-D286-4E57-BD1A-C9CC0157B840}
	EndGlobalSection
EndGlobal
